
Microsoft Visual Studio Solution File, Format Version 12.00
# Visual Studio Version 17
VisualStudioVersion = 17.13.35828.75 d17.13
MinimumVisualStudioVersion = 10.0.40219.1
Project("{FAE04EC0-301F-11D3-BF4B-00C04F79EFBC}") = "VirtualTextureReferenceSet", "VirtualTextureReferenceSet\VirtualTextureReferenceSet.csproj", "{3CB8D5C5-64AD-42F2-9303-F40FDEBF36A9}"
EndProject
Global
	GlobalSection(SolutionConfigurationPlatforms) = preSolution
		Debug|Any CPU = Debug|Any CPU
		Release|Any CPU = Release|Any CPU
	EndGlobalSection
	GlobalSection(ProjectConfigurationPlatforms) = postSolution
		{3CB8D5C5-64AD-42F2-9303-F40FDEBF36A9}.Debug|Any CPU.ActiveCfg = Debug|Any CPU
		{3CB8D5C5-64AD-42F2-9303-F40FDEBF36A9}.Debug|Any CPU.Build.0 = Debug|Any CPU
		{3CB8D5C5-64AD-42F2-9303-F40FDEBF36A9}.Release|Any CPU.ActiveCfg = Release|Any CPU
		{3CB8D5C5-64AD-42F2-9303-F40FDEBF36A9}.Release|Any CPU.Build.0 = Release|Any CPU
	EndGlobalSection
	GlobalSection(SolutionProperties) = preSolution
		HideSolutionNode = FALSE
	EndGlobalSection
	GlobalSection(ExtensibilityGlobals) = postSolution
		SolutionGuid = {1F6F50DD-13F4-4FE7-A147-9C8BAE59BE0B}
	EndGlobalSection
EndGlobal
